
Microsoft Visual Studio Solution File, Format Version 11.00
# Visual Studio 2010
Project("{FAE04EC0-301F-11D3-BF4B-00C04F79EFBC}") = "FastFoodNightmare", "Assembly-CSharp-firstpass.csproj", "{46EC21A1-C31D-4902-5BEC-C682DF8E9D44}"
EndProject
Project("{FAE04EC0-301F-11D3-BF4B-00C04F79EFBC}") = "FastFoodNightmare", "Assembly-CSharp.csproj", "{FEBDD4D9-6CE5-3D3C-D973-CBB8DB8B4D42}"
EndProject
Project("{FAE04EC0-301F-11D3-BF4B-00C04F79EFBC}") = "FastFoodNightmare", "Assembly-CSharp-Editor-firstpass.csproj", "{BD3A08E3-1F26-36F1-3A9F-BE8BF9F4A357}"
EndProject
Global
	GlobalSection(SolutionConfigurationPlatforms) = preSolution
		Debug|Any CPU = Debug|Any CPU
		Release|Any CPU = Release|Any CPU
	EndGlobalSection
	GlobalSection(ProjectConfigurationPlatforms) = postSolution
		{46EC21A1-C31D-4902-5BEC-C682DF8E9D44}.Debug|Any CPU.ActiveCfg = Debug|Any CPU
		{46EC21A1-C31D-4902-5BEC-C682DF8E9D44}.Debug|Any CPU.Build.0 = Debug|Any CPU
		{46EC21A1-C31D-4902-5BEC-C682DF8E9D44}.Release|Any CPU.ActiveCfg = Release|Any CPU
		{46EC21A1-C31D-4902-5BEC-C682DF8E9D44}.Release|Any CPU.Build.0 = Release|Any CPU
		{FEBDD4D9-6CE5-3D3C-D973-CBB8DB8B4D42}.Debug|Any CPU.ActiveCfg = Debug|Any CPU
		{FEBDD4D9-6CE5-3D3C-D973-CBB8DB8B4D42}.Debug|Any CPU.Build.0 = Debug|Any CPU
		{FEBDD4D9-6CE5-3D3C-D973-CBB8DB8B4D42}.Release|Any CPU.ActiveCfg = Release|Any CPU
		{FEBDD4D9-6CE5-3D3C-D973-CBB8DB8B4D42}.Release|Any CPU.Build.0 = Release|Any CPU
		{BD3A08E3-1F26-36F1-3A9F-BE8BF9F4A357}.Debug|Any CPU.ActiveCfg = Debug|Any CPU
		{BD3A08E3-1F26-36F1-3A9F-BE8BF9F4A357}.Debug|Any CPU.Build.0 = Debug|Any CPU
		{BD3A08E3-1F26-36F1-3A9F-BE8BF9F4A357}.Release|Any CPU.ActiveCfg = Release|Any CPU
		{BD3A08E3-1F26-36F1-3A9F-BE8BF9F4A357}.Release|Any CPU.Build.0 = Release|Any CPU
	EndGlobalSection
	GlobalSection(SolutionProperties) = preSolution
		HideSolutionNode = FALSE
	EndGlobalSection
	GlobalSection(MonoDevelopProperties) = preSolution
		StartupItem = Assembly-CSharp.csproj
	EndGlobalSection
EndGlobal
