
Microsoft Visual Studio Solution File, Format Version 12.00
# Visual Studio 2015
Project("{FAE04EC0-301F-11D3-BF4B-00C04F79EFBC}") = "FastFoodnightmare.CSharp.Plugins", "FastFoodnightmare.CSharp.Plugins.csproj", "{5FA2FF00-8BC2-8129-F91F-565D8897F675}"
EndProject
Project("{FAE04EC0-301F-11D3-BF4B-00C04F79EFBC}") = "FastFoodnightmare.CSharp", "FastFoodnightmare.CSharp.csproj", "{72A6ACE8-D6D1-8CC1-02AF-8132A8A30AC3}"
EndProject
Project("{FAE04EC0-301F-11D3-BF4B-00C04F79EFBC}") = "FastFoodnightmare.CSharp.Editor.Plugins", "FastFoodnightmare.CSharp.Editor.Plugins.csproj", "{DC2EF283-913D-087D-F892-6186FE719CD3}"
EndProject
Global
	GlobalSection(SolutionConfigurationPlatforms) = preSolution
		Debug|Any CPU = Debug|Any CPU
		Release|Any CPU = Release|Any CPU
	EndGlobalSection
	GlobalSection(ProjectConfigurationPlatforms) = postSolution
		{5FA2FF00-8BC2-8129-F91F-565D8897F675}.Debug|Any CPU.ActiveCfg = Debug|Any CPU
		{5FA2FF00-8BC2-8129-F91F-565D8897F675}.Debug|Any CPU.Build.0 = Debug|Any CPU
		{5FA2FF00-8BC2-8129-F91F-565D8897F675}.Release|Any CPU.ActiveCfg = Release|Any CPU
		{5FA2FF00-8BC2-8129-F91F-565D8897F675}.Release|Any CPU.Build.0 = Release|Any CPU
		{72A6ACE8-D6D1-8CC1-02AF-8132A8A30AC3}.Debug|Any CPU.ActiveCfg = Debug|Any CPU
		{72A6ACE8-D6D1-8CC1-02AF-8132A8A30AC3}.Debug|Any CPU.Build.0 = Debug|Any CPU
		{72A6ACE8-D6D1-8CC1-02AF-8132A8A30AC3}.Release|Any CPU.ActiveCfg = Release|Any CPU
		{72A6ACE8-D6D1-8CC1-02AF-8132A8A30AC3}.Release|Any CPU.Build.0 = Release|Any CPU
		{DC2EF283-913D-087D-F892-6186FE719CD3}.Debug|Any CPU.ActiveCfg = Debug|Any CPU
		{DC2EF283-913D-087D-F892-6186FE719CD3}.Debug|Any CPU.Build.0 = Debug|Any CPU
		{DC2EF283-913D-087D-F892-6186FE719CD3}.Release|Any CPU.ActiveCfg = Release|Any CPU
		{DC2EF283-913D-087D-F892-6186FE719CD3}.Release|Any CPU.Build.0 = Release|Any CPU
	EndGlobalSection
	GlobalSection(SolutionProperties) = preSolution
		HideSolutionNode = FALSE
	EndGlobalSection
EndGlobal
